
Microsoft Visual Studio Solution File, Format Version 11.00
# Visual Studio 2010
Project("{FAE04EC0-301F-11D3-BF4B-00C04F79EFBC}") = "TestProjectCircle", "TestProjectCircle\TestProjectCircle.csproj", "{0D6373FF-CCA1-410C-8261-C31CCC34D353}"
EndProject
Project("{FAE04EC0-301F-11D3-BF4B-00C04F79EFBC}") = "Geometry", "Geometry\Geometry.csproj", "{AA17AF68-7F22-40B7-99CC-53900B11FBDB}"
EndProject
Global
	GlobalSection(TestCaseManagementSettings) = postSolution
		CategoryFile = Geometry.vsmdi
	EndGlobalSection
	GlobalSection(SolutionConfigurationPlatforms) = preSolution
		Debug|Any CPU = Debug|Any CPU
		Release|Any CPU = Release|Any CPU
	EndGlobalSection
	GlobalSection(ProjectConfigurationPlatforms) = postSolution
		{0D6373FF-CCA1-410C-8261-C31CCC34D353}.Debug|Any CPU.ActiveCfg = Debug|Any CPU
		{0D6373FF-CCA1-410C-8261-C31CCC34D353}.Debug|Any CPU.Build.0 = Debug|Any CPU
		{0D6373FF-CCA1-410C-8261-C31CCC34D353}.Release|Any CPU.ActiveCfg = Release|Any CPU
		{0D6373FF-CCA1-410C-8261-C31CCC34D353}.Release|Any CPU.Build.0 = Release|Any CPU
		{AA17AF68-7F22-40B7-99CC-53900B11FBDB}.Debug|Any CPU.ActiveCfg = Debug|Any CPU
		{AA17AF68-7F22-40B7-99CC-53900B11FBDB}.Debug|Any CPU.Build.0 = Debug|Any CPU
		{AA17AF68-7F22-40B7-99CC-53900B11FBDB}.Release|Any CPU.ActiveCfg = Release|Any CPU
		{AA17AF68-7F22-40B7-99CC-53900B11FBDB}.Release|Any CPU.Build.0 = Release|Any CPU
	EndGlobalSection
	GlobalSection(SolutionProperties) = preSolution
		HideSolutionNode = FALSE
	EndGlobalSection
EndGlobal
